
Microsoft Visual Studio Solution File, Format Version 12.00
# Visual Studio Version 16
VisualStudioVersion = 16.0.29020.237
MinimumVisualStudioVersion = 10.0.40219.1
Project("{FAE04EC0-301F-11D3-BF4B-00C04F79EFBC}") = "IntegradorVippWebService", "IntegradorVippWebService\IntegradorVippWebService.csproj", "{B70A78AB-2021-4020-BA39-56B352202686}"
EndProject
Global
	GlobalSection(SolutionConfigurationPlatforms) = preSolution
		Debug|Any CPU = Debug|Any CPU
		Release|Any CPU = Release|Any CPU
	EndGlobalSection
	GlobalSection(ProjectConfigurationPlatforms) = postSolution
		{B70A78AB-2021-4020-BA39-56B352202686}.Debug|Any CPU.ActiveCfg = Debug|Any CPU
		{B70A78AB-2021-4020-BA39-56B352202686}.Debug|Any CPU.Build.0 = Debug|Any CPU
		{B70A78AB-2021-4020-BA39-56B352202686}.Release|Any CPU.ActiveCfg = Release|Any CPU
		{B70A78AB-2021-4020-BA39-56B352202686}.Release|Any CPU.Build.0 = Release|Any CPU
	EndGlobalSection
	GlobalSection(SolutionProperties) = preSolution
		HideSolutionNode = FALSE
	EndGlobalSection
	GlobalSection(ExtensibilityGlobals) = postSolution
		SolutionGuid = {85A446FB-8311-487F-8582-45AED88AD66A}
	EndGlobalSection
EndGlobal
